
Microsoft Visual Studio Solution File, Format Version 12.00
# Visual Studio 14
VisualStudioVersion = 14.0.23107.0
MinimumVisualStudioVersion = 10.0.40219.1
Project("{FAE04EC0-301F-11D3-BF4B-00C04F79EFBC}") = "SimpleTcpTest", "SimpleTcpTest\SimpleTcpTest.csproj", "{F3F6F0B9-29C0-440E-B3AD-BCA13A368A33}"
EndProject
Project("{FAE04EC0-301F-11D3-BF4B-00C04F79EFBC}") = "SimpleTcp", "SimpleTcp\SimpleTcp.csproj", "{2883D0F2-2E51-470E-B545-BE470382FC34}"
EndProject
Global
	GlobalSection(SolutionConfigurationPlatforms) = preSolution
		Debug|Any CPU = Debug|Any CPU
		Release|Any CPU = Release|Any CPU
	EndGlobalSection
	GlobalSection(ProjectConfigurationPlatforms) = postSolution
		{F3F6F0B9-29C0-440E-B3AD-BCA13A368A33}.Debug|Any CPU.ActiveCfg = Debug|Any CPU
		{F3F6F0B9-29C0-440E-B3AD-BCA13A368A33}.Debug|Any CPU.Build.0 = Debug|Any CPU
		{F3F6F0B9-29C0-440E-B3AD-BCA13A368A33}.Release|Any CPU.ActiveCfg = Release|Any CPU
		{F3F6F0B9-29C0-440E-B3AD-BCA13A368A33}.Release|Any CPU.Build.0 = Release|Any CPU
		{2883D0F2-2E51-470E-B545-BE470382FC34}.Debug|Any CPU.ActiveCfg = Debug|Any CPU
		{2883D0F2-2E51-470E-B545-BE470382FC34}.Debug|Any CPU.Build.0 = Debug|Any CPU
		{2883D0F2-2E51-470E-B545-BE470382FC34}.Release|Any CPU.ActiveCfg = Release|Any CPU
		{2883D0F2-2E51-470E-B545-BE470382FC34}.Release|Any CPU.Build.0 = Release|Any CPU
	EndGlobalSection
	GlobalSection(SolutionProperties) = preSolution
		HideSolutionNode = FALSE
	EndGlobalSection
EndGlobal
